
Microsoft Visual Studio Solution File, Format Version 12.00
# Visual Studio Version 16
VisualStudioVersion = 16.0.30413.136
MinimumVisualStudioVersion = 10.0.40219.1
Project("{8BC9CEB8-8B4A-11D0-8D11-00A0C91BC942}") = "depak", "depak\depak.vcxproj", "{587AB32A-D771-445C-B457-01CB939DC50D}"
EndProject
Global
	GlobalSection(SolutionConfigurationPlatforms) = preSolution
		Debug|x64 = Debug|x64
		Debug|x86 = Debug|x86
		Release|x64 = Release|x64
		Release|x86 = Release|x86
	EndGlobalSection
	GlobalSection(ProjectConfigurationPlatforms) = postSolution
		{587AB32A-D771-445C-B457-01CB939DC50D}.Debug|x64.ActiveCfg = Debug|x64
		{587AB32A-D771-445C-B457-01CB939DC50D}.Debug|x64.Build.0 = Debug|x64
		{587AB32A-D771-445C-B457-01CB939DC50D}.Debug|x86.ActiveCfg = Debug|Win32
		{587AB32A-D771-445C-B457-01CB939DC50D}.Debug|x86.Build.0 = Debug|Win32
		{587AB32A-D771-445C-B457-01CB939DC50D}.Release|x64.ActiveCfg = Release|x64
		{587AB32A-D771-445C-B457-01CB939DC50D}.Release|x64.Build.0 = Release|x64
		{587AB32A-D771-445C-B457-01CB939DC50D}.Release|x86.ActiveCfg = Release|Win32
		{587AB32A-D771-445C-B457-01CB939DC50D}.Release|x86.Build.0 = Release|Win32
	EndGlobalSection
	GlobalSection(SolutionProperties) = preSolution
		HideSolutionNode = FALSE
	EndGlobalSection
	GlobalSection(ExtensibilityGlobals) = postSolution
		SolutionGuid = {6A1E9CD8-1E70-412A-BE3A-6597BF482A66}
	EndGlobalSection
EndGlobal
